// !$*UTF8*$!
{
	archiveVersion = 1;
	classes = {
	};
	objectVersion = 50;
	objects = {

/* Begin PBXBuildFile section */
		2C00381B25A0BC69006263B1 /* AppDelegate.swift in Sources */ = {isa = PBXBuildFile; fileRef = 2C00381A25A0BC69006263B1 /* AppDelegate.swift */; };
		2C00381D25A0BC69006263B1 /* SceneDelegate.swift in Sources */ = {isa = PBXBuildFile; fileRef = 2C00381C25A0BC69006263B1 /* SceneDelegate.swift */; };
		2C00381F25A0BC69006263B1 /* ViewController.swift in Sources */ = {isa = PBXBuildFile; fileRef = 2C00381E25A0BC69006263B1 /* ViewController.swift */; };
		2C00382225A0BC69006263B1 /* Main.storyboard in Resources */ = {isa = PBXBuildFile; fileRef = 2C00382025A0BC69006263B1 /* Main.storyboard */; };
		2C00382425A0BC6E006263B1 /* Assets.xcassets in Resources */ = {isa = PBXBuildFile; fileRef = 2C00382325A0BC6E006263B1 /* Assets.xcassets */; };
		2C00382725A0BC6E006263B1 /* LaunchScreen.storyboard in Resources */ = {isa = PBXBuildFile; fileRef = 2C00382525A0BC6E006263B1 /* LaunchScreen.storyboard */; };
		2C00383225A0BC6E006263B1 /* LocalPushSampleTests.swift in Sources */ = {isa = PBXBuildFile; fileRef = 2C00383125A0BC6E006263B1 /* LocalPushSampleTests.swift */; };
		2C00383D25A0BC6E006263B1 /* LocalPushSampleUITests.swift in Sources */ = {isa = PBXBuildFile; fileRef = 2C00383C25A0BC6E006263B1 /* LocalPushSampleUITests.swift */; };
/* End PBXBuildFile section */

/* Begin PBXContainerItemProxy section */
		2C00382E25A0BC6E006263B1 /* PBXContainerItemProxy */ = {
			isa = PBXContainerItemProxy;
			containerPortal = 2C00380F25A0BC69006263B1 /* Project object */;
			proxyType = 1;
			remoteGlobalIDString = 2C00381625A0BC69006263B1;
			remoteInfo = LocalPushSample;
		};
		2C00383925A0BC6E006263B1 /* PBXContainerItemProxy */ = {
			isa = PBXContainerItemProxy;
			containerPortal = 2C00380F25A0BC69006263B1 /* Project object */;
			proxyType = 1;
			remoteGlobalIDString = 2C00381625A0BC69006263B1;
			remoteInfo = LocalPushSample;
		};
/* End PBXContainerItemProxy section */

/* Begin PBXFileReference section */
		2C00381725A0BC69006263B1 /* LocalPushSample.app */ = {isa = PBXFileReference; explicitFileType = wrapper.application; includeInIndex = 0; path = LocalPushSample.app; sourceTree = BUILT_PRODUCTS_DIR; };
		2C00381A25A0BC69006263B1 /* AppDelegate.swift */ = {isa = PBXFileReference; lastKnownFileType = sourcecode.swift; path = AppDelegate.swift; sourceTree = "<group>"; };
		2C00381C25A0BC69006263B1 /* SceneDelegate.swift */ = {isa = PBXFileReference; lastKnownFileType = sourcecode.swift; path = SceneDelegate.swift; sourceTree = "<group>"; };
		2C00381E25A0BC69006263B1 /* ViewController.swift */ = {isa = PBXFileReference; lastKnownFileType = sourcecode.swift; path = ViewController.swift; sourceTree = "<group>"; };
		2C00382125A0BC69006263B1 /* Base */ = {isa = PBXFileReference; lastKnownFileType = file.storyboard; name = Base; path = Base.lproj/Main.storyboard; sourceTree = "<group>"; };
		2C00382325A0BC6E006263B1 /* Assets.xcassets */ = {isa = PBXFileReference; lastKnownFileType = folder.assetcatalog; path = Assets.xcassets; sourceTree = "<group>"; };
		2C00382625A0BC6E006263B1 /* Base */ = {isa = PBXFileReference; lastKnownFileType = file.storyboard; name = Base; path = Base.lproj/LaunchScreen.storyboard; sourceTree = "<group>"; };
		2C00382825A0BC6E006263B1 /* Info.plist */ = {isa = PBXFileReference; lastKnownFileType = text.plist.xml; path = Info.plist; sourceTree = "<group>"; };
		2C00382D25A0BC6E006263B1 /* LocalPushSampleTests.xctest */ = {isa = PBXFileReference; explicitFileType = wrapper.cfbundle; includeInIndex = 0; path = LocalPushSampleTests.xctest; sourceTree = BUILT_PRODUCTS_DIR; };
		2C00383125A0BC6E006263B1 /* LocalPushSampleTests.swift */ = {isa = PBXFileReference; lastKnownFileType = sourcecode.swift; path = LocalPushSampleTests.swift; sourceTree = "<group>"; };
		2C00383325A0BC6E006263B1 /* Info.plist */ = {isa = PBXFileReference; lastKnownFileType = text.plist.xml; path = Info.plist; sourceTree = "<group>"; };
		2C00383825A0BC6E006263B1 /* LocalPushSampleUITests.xctest */ = {isa = PBXFileReference; explicitFileType = wrapper.cfbundle; includeInIndex = 0; path = LocalPushSampleUITests.xctest; sourceTree = BUILT_PRODUCTS_DIR; };
		2C00383C25A0BC6E006263B1 /* LocalPushSampleUITests.swift */ = {isa = PBXFileReference; lastKnownFileType = sourcecode.swift; path = LocalPushSampleUITests.swift; sourceTree = "<group>"; };
		2C00383E25A0BC6E006263B1 /* Info.plist */ = {isa = PBXFileReference; lastKnownFileType = text.plist.xml; path = Info.plist; sourceTree = "<group>"; };
/* End PBXFileReference section */

/* Begin PBXFrameworksBuildPhase section */
		2C00381425A0BC69006263B1 /* Frameworks */ = {
			isa = PBXFrameworksBuildPhase;
			buildActionMask = 2147483647;
			files = (
			);
			runOnlyForDeploymentPostprocessing = 0;
		};
		2C00382A25A0BC6E006263B1 /* Frameworks */ = {
			isa = PBXFrameworksBuildPhase;
			buildActionMask = 2147483647;
			files = (
			);
			runOnlyForDeploymentPostprocessing = 0;
		};
		2C00383525A0BC6E006263B1 /* Frameworks */ = {
			isa = PBXFrameworksBuildPhase;
			buildActionMask = 2147483647;
			files = (
			);
			runOnlyForDeploymentPostprocessing = 0;
		};
/* End PBXFrameworksBuildPhase section */

/* Begin PBXGroup section */
		2C00380E25A0BC69006263B1 = {
			isa = PBXGroup;
			children = (
				2C00381925A0BC69006263B1 /* LocalPushSample */,
				2C00383025A0BC6E006263B1 /* LocalPushSampleTests */,
				2C00383B25A0BC6E006263B1 /* LocalPushSampleUITests */,
				2C00381825A0BC69006263B1 /* Products */,
			);
			sourceTree = "<group>";
		};
		2C00381825A0BC69006263B1 /* Products */ = {
			isa = PBXGroup;
			children = (
				2C00381725A0BC69006263B1 /* LocalPushSample.app */,
				2C00382D25A0BC6E006263B1 /* LocalPushSampleTests.xctest */,
				2C00383825A0BC6E006263B1 /* LocalPushSampleUITests.xctest */,
			);
			name = Products;
			sourceTree = "<group>";
		};
		2C00381925A0BC69006263B1 /* LocalPushSample */ = {
			isa = PBXGroup;
			children = (
				2C00381A25A0BC69006263B1 /* AppDelegate.swift */,
				2C00381C25A0BC69006263B1 /* SceneDelegate.swift */,
				2C00381E25A0BC69006263B1 /* ViewController.swift */,
				2C00382025A0BC69006263B1 /* Main.storyboard */,
				2C00382325A0BC6E006263B1 /* Assets.xcassets */,
				2C00382525A0BC6E006263B1 /* LaunchScreen.storyboard */,
				2C00382825A0BC6E006263B1 /* Info.plist */,
			);
			path = LocalPushSample;
			sourceTree = "<group>";
		};
		2C00383025A0BC6E006263B1 /* LocalPushSampleTests */ = {
			isa = PBXGroup;
			children = (
				2C00383125A0BC6E006263B1 /* LocalPushSampleTests.swift */,
				2C00383325A0BC6E006263B1 /* Info.plist */,
			);
			path = LocalPushSampleTests;
			sourceTree = "<group>";
		};
		2C00383B25A0BC6E006263B1 /* LocalPushSampleUITests */ = {
			isa = PBXGroup;
			children = (
				2C00383C25A0BC6E006263B1 /* LocalPushSampleUITests.swift */,
				2C00383E25A0BC6E006263B1 /* Info.plist */,
			);
			path = LocalPushSampleUITests;
			sourceTree = "<group>";
		};
/* End PBXGroup section */

/* Begin PBXNativeTarget section */
		2C00381625A0BC69006263B1 /* LocalPushSample */ = {
			isa = PBXNativeTarget;
			buildConfigurationList = 2C00384125A0BC6E006263B1 /* Build configuration list for PBXNativeTarget "LocalPushSample" */;
			buildPhases = (
				2C00381325A0BC69006263B1 /* Sources */,
				2C00381425A0BC69006263B1 /* Frameworks */,
				2C00381525A0BC69006263B1 /* Resources */,
			);
			buildRules = (
			);
			dependencies = (
			);
			name = LocalPushSample;
			productName = LocalPushSample;
			productReference = 2C00381725A0BC69006263B1 /* LocalPushSample.app */;
			productType = "com.apple.product-type.application";
		};
		2C00382C25A0BC6E006263B1 /* LocalPushSampleTests */ = {
			isa = PBXNativeTarget;
			buildConfigurationList = 2C00384425A0BC6E006263B1 /* Build configuration list for PBXNativeTarget "LocalPushSampleTests" */;
			buildPhases = (
				2C00382925A0BC6E006263B1 /* Sources */,
				2C00382A25A0BC6E006263B1 /* Frameworks */,
				2C00382B25A0BC6E006263B1 /* Resources */,
			);
			buildRules = (
			);
			dependencies = (
				2C00382F25A0BC6E006263B1 /* PBXTargetDependency */,
			);
			name = LocalPushSampleTests;
			productName = LocalPushSampleTests;
			productReference = 2C00382D25A0BC6E006263B1 /* LocalPushSampleTests.xctest */;
			productType = "com.apple.product-type.bundle.unit-test";
		};
		2C00383725A0BC6E006263B1 /* LocalPushSampleUITests */ = {
			isa = PBXNativeTarget;
			buildConfigurationList = 2C00384725A0BC6E006263B1 /* Build configuration list for PBXNativeTarget "LocalPushSampleUITests" */;
			buildPhases = (
				2C00383425A0BC6E006263B1 /* Sources */,
				2C00383525A0BC6E006263B1 /* Frameworks */,
				2C00383625A0BC6E006263B1 /* Resources */,
			);
			buildRules = (
			);
			dependencies = (
				2C00383A25A0BC6E006263B1 /* PBXTargetDependency */,
			);
			name = LocalPushSampleUITests;
			productName = LocalPushSampleUITests;
			productReference = 2C00383825A0BC6E006263B1 /* LocalPushSampleUITests.xctest */;
			productType = "com.apple.product-type.bundle.ui-testing";
		};
/* End PBXNativeTarget section */

/* Begin PBXProject section */
		2C00380F25A0BC69006263B1 /* Project object */ = {
			isa = PBXProject;
			attributes = {
				LastSwiftUpdateCheck = 1230;
				LastUpgradeCheck = 1230;
				TargetAttributes = {
					2C00381625A0BC69006263B1 = {
						CreatedOnToolsVersion = 12.3;
					};
					2C00382C25A0BC6E006263B1 = {
						CreatedOnToolsVersion = 12.3;
						TestTargetID = 2C00381625A0BC69006263B1;
					};
					2C00383725A0BC6E006263B1 = {
						CreatedOnToolsVersion = 12.3;
						TestTargetID = 2C00381625A0BC69006263B1;
					};
				};
			};
			buildConfigurationList = 2C00381225A0BC69006263B1 /* Build configuration list for PBXProject "LocalPushSample" */;
			compatibilityVersion = "Xcode 9.3";
			developmentRegion = en;
			hasScannedForEncodings = 0;
			knownRegions = (
				en,
				Base,
			);
			mainGroup = 2C00380E25A0BC69006263B1;
			productRefGroup = 2C00381825A0BC69006263B1 /* Products */;
			projectDirPath = "";
			projectRoot = "";
			targets = (
				2C00381625A0BC69006263B1 /* LocalPushSample */,
				2C00382C25A0BC6E006263B1 /* LocalPushSampleTests */,
				2C00383725A0BC6E006263B1 /* LocalPushSampleUITests */,
			);
		};
/* End PBXProject section */

/* Begin PBXResourcesBuildPhase section */
		2C00381525A0BC69006263B1 /* Resources */ = {
			isa = PBXResourcesBuildPhase;
			buildActionMask = 2147483647;
			files = (
				2C00382725A0BC6E006263B1 /* LaunchScreen.storyboard in Resources */,
				2C00382425A0BC6E006263B1 /* Assets.xcassets in Resources */,
				2C00382225A0BC69006263B1 /* Main.storyboard in Resources */,
			);
			runOnlyForDeploymentPostprocessing = 0;
		};
		2C00382B25A0BC6E006263B1 /* Resources */ = {
			isa = PBXResourcesBuildPhase;
			buildActionMask = 2147483647;
			files = (
			);
			runOnlyForDeploymentPostprocessing = 0;
		};
		2C00383625A0BC6E006263B1 /* Resources */ = {
			isa = PBXResourcesBuildPhase;
			buildActionMask = 2147483647;
			files = (
			);
			runOnlyForDeploymentPostprocessing = 0;
		};
/* End PBXResourcesBuildPhase section */

/* Begin PBXSourcesBuildPhase section */
		2C00381325A0BC69006263B1 /* Sources */ = {
			isa = PBXSourcesBuildPhase;
			buildActionMask = 2147483647;
			files = (
				2C00381F25A0BC69006263B1 /* ViewController.swift in Sources */,
				2C00381B25A0BC69006263B1 /* AppDelegate.swift in Sources */,
				2C00381D25A0BC69006263B1 /* SceneDelegate.swift in Sources */,
			);
			runOnlyForDeploymentPostprocessing = 0;
		};
		2C00382925A0BC6E006263B1 /* Sources */ = {
			isa = PBXSourcesBuildPhase;
			buildActionMask = 2147483647;
			files = (
				2C00383225A0BC6E006263B1 /* LocalPushSampleTests.swift in Sources */,
			);
			runOnlyForDeploymentPostprocessing = 0;
		};
		2C00383425A0BC6E006263B1 /* Sources */ = {
			isa = PBXSourcesBuildPhase;
			buildActionMask = 2147483647;
			files = (
				2C00383D25A0BC6E006263B1 /* LocalPushSampleUITests.swift in Sources */,
			);
			runOnlyForDeploymentPostprocessing = 0;
		};
/* End PBXSourcesBuildPhase section */

/* Begin PBXTargetDependency section */
		2C00382F25A0BC6E006263B1 /* PBXTargetDependency */ = {
			isa = PBXTargetDependency;
			target = 2C00381625A0BC69006263B1 /* LocalPushSample */;
			targetProxy = 2C00382E25A0BC6E006263B1 /* PBXContainerItemProxy */;
		};
		2C00383A25A0BC6E006263B1 /* PBXTargetDependency */ = {
			isa = PBXTargetDependency;
			target = 2C00381625A0BC69006263B1 /* LocalPushSample */;
			targetProxy = 2C00383925A0BC6E006263B1 /* PBXContainerItemProxy */;
		};
/* End PBXTargetDependency section */

/* Begin PBXVariantGroup section */
		2C00382025A0BC69006263B1 /* Main.storyboard */ = {
			isa = PBXVariantGroup;
			children = (
				2C00382125A0BC69006263B1 /* Base */,
			);
			name = Main.storyboard;
			sourceTree = "<group>";
		};
		2C00382525A0BC6E006263B1 /* LaunchScreen.storyboard */ = {
			isa = PBXVariantGroup;
			children = (
				2C00382625A0BC6E006263B1 /* Base */,
			);
			name = LaunchScreen.storyboard;
			sourceTree = "<group>";
		};
/* End PBXVariantGroup section */

/* Begin XCBuildConfiguration section */
		2C00383F25A0BC6E006263B1 /* Debug */ = {
			isa = XCBuildConfiguration;
			buildSettings = {
				ALWAYS_SEARCH_USER_PATHS = NO;
				CLANG_ANALYZER_NONNULL = YES;
				CLANG_ANALYZER_NUMBER_OBJECT_CONVERSION = YES_AGGRESSIVE;
				CLANG_CXX_LANGUAGE_STANDARD = "gnu++14";
				CLANG_CXX_LIBRARY = "libc++";
				CLANG_ENABLE_MODULES = YES;
				CLANG_ENABLE_OBJC_ARC = YES;
				CLANG_ENABLE_OBJC_WEAK = YES;
				CLANG_WARN_BLOCK_CAPTURE_AUTORELEASING = YES;
				CLANG_WARN_BOOL_CONVERSION = YES;
				CLANG_WARN_COMMA = YES;
				CLANG_WARN_CONSTANT_CONVERSION = YES;
				CLANG_WARN_DEPRECATED_OBJC_IMPLEMENTATIONS = YES;
				CLANG_WARN_DIRECT_OBJC_ISA_USAGE = YES_ERROR;
				CLANG_WARN_DOCUMENTATION_COMMENTS = YES;
				CLANG_WARN_EMPTY_BODY = YES;
				CLANG_WARN_ENUM_CONVERSION = YES;
				CLANG_WARN_INFINITE_RECURSION = YES;
				CLANG_WARN_INT_CONVERSION = YES;
				CLANG_WARN_NON_LITERAL_NULL_CONVERSION = YES;
				CLANG_WARN_OBJC_IMPLICIT_RETAIN_SELF = YES;
				CLANG_WARN_OBJC_LITERAL_CONVERSION = YES;
				CLANG_WARN_OBJC_ROOT_CLASS = YES_ERROR;
				CLANG_WARN_QUOTED_INCLUDE_IN_FRAMEWORK_HEADER = YES;
				CLANG_WARN_RANGE_LOOP_ANALYSIS = YES;
				CLANG_WARN_STRICT_PROTOTYPES = YES;
				CLANG_WARN_SUSPICIOUS_MOVE = YES;
				CLANG_WARN_UNGUARDED_AVAILABILITY = YES_AGGRESSIVE;
				CLANG_WARN_UNREACHABLE_CODE = YES;
				CLANG_WARN__DUPLICATE_METHOD_MATCH = YES;
				COPY_PHASE_STRIP = NO;
				DEBUG_INFORMATION_FORMAT = dwarf;
				ENABLE_STRICT_OBJC_MSGSEND = YES;
				ENABLE_TESTABILITY = YES;
				GCC_C_LANGUAGE_STANDARD = gnu11;
				GCC_DYNAMIC_NO_PIC = NO;
				GCC_NO_COMMON_BLOCKS = YES;
				GCC_OPTIMIZATION_LEVEL = 0;
				GCC_PREPROCESSOR_DEFINITIONS = (
					"DEBUG=1",
					"$(inherited)",
				);
				GCC_WARN_64_TO_32_BIT_CONVERSION = YES;
				GCC_WARN_ABOUT_RETURN_TYPE = YES_ERROR;
				GCC_WARN_UNDECLARED_SELECTOR = YES;
				GCC_WARN_UNINITIALIZED_AUTOS = YES_AGGRESSIVE;
				GCC_WARN_UNUSED_FUNCTION = YES;
				GCC_WARN_UNUSED_VARIABLE = YES;
				IPHONEOS_DEPLOYMENT_TARGET = 14.3;
				MTL_ENABLE_DEBUG_INFO = INCLUDE_SOURCE;
				MTL_FAST_MATH = YES;
				ONLY_ACTIVE_ARCH = YES;
				SDKROOT = iphoneos;
				SWIFT_ACTIVE_COMPILATION_CONDITIONS = DEBUG;
				SWIFT_OPTIMIZATION_LEVEL = "-Onone";
			};
			name = Debug;
		};
		2C00384025A0BC6E006263B1 /* Release */ = {
			isa = XCBuildConfiguration;
			buildSettings = {
				ALWAYS_SEARCH_USER_PATHS = NO;
				CLANG_ANALYZER_NONNULL = YES;
				CLANG_ANALYZER_NUMBER_OBJECT_CONVERSION = YES_AGGRESSIVE;
				CLANG_CXX_LANGUAGE_STANDARD = "gnu++14";
				CLANG_CXX_LIBRARY = "libc++";
				CLANG_ENABLE_MODULES = YES;
				CLANG_ENABLE_OBJC_ARC = YES;
				CLANG_ENABLE_OBJC_WEAK = YES;
				CLANG_WARN_BLOCK_CAPTURE_AUTORELEASING = YES;
				CLANG_WARN_BOOL_CONVERSION = YES;
				CLANG_WARN_COMMA = YES;
				CLANG_WARN_CONSTANT_CONVERSION = YES;
				CLANG_WARN_DEPRECATED_OBJC_IMPLEMENTATIONS = YES;
				CLANG_WARN_DIRECT_OBJC_ISA_USAGE = YES_ERROR;
				CLANG_WARN_DOCUMENTATION_COMMENTS = YES;
				CLANG_WARN_EMPTY_BODY = YES;
				CLANG_WARN_ENUM_CONVERSION = YES;
				CLANG_WARN_INFINITE_RECURSION = YES;
				CLANG_WARN_INT_CONVERSION = YES;
				CLANG_WARN_NON_LITERAL_NULL_CONVERSION = YES;
				CLANG_WARN_OBJC_IMPLICIT_RETAIN_SELF = YES;
				CLANG_WARN_OBJC_LITERAL_CONVERSION = YES;
				CLANG_WARN_OBJC_ROOT_CLASS = YES_ERROR;
				CLANG_WARN_QUOTED_INCLUDE_IN_FRAMEWORK_HEADER = YES;
				CLANG_WARN_RANGE_LOOP_ANALYSIS = YES;
				CLANG_WARN_STRICT_PROTOTYPES = YES;
				CLANG_WARN_SUSPICIOUS_MOVE = YES;
				CLANG_WARN_UNGUARDED_AVAILABILITY = YES_AGGRESSIVE;
				CLANG_WARN_UNREACHABLE_CODE = YES;
				CLANG_WARN__DUPLICATE_METHOD_MATCH = YES;
				COPY_PHASE_STRIP = NO;
				DEBUG_INFORMATION_FORMAT = "dwarf-with-dsym";
				ENABLE_NS_ASSERTIONS = NO;
				ENABLE_STRICT_OBJC_MSGSEND = YES;
				GCC_C_LANGUAGE_STANDARD = gnu11;
				GCC_NO_COMMON_BLOCKS = YES;
				GCC_WARN_64_TO_32_BIT_CONVERSION = YES;
				GCC_WARN_ABOUT_RETURN_TYPE = YES_ERROR;
				GCC_WARN_UNDECLARED_SELECTOR = YES;
				GCC_WARN_UNINITIALIZED_AUTOS = YES_AGGRESSIVE;
				GCC_WARN_UNUSED_FUNCTION = YES;
				GCC_WARN_UNUSED_VARIABLE = YES;
				IPHONEOS_DEPLOYMENT_TARGET = 14.3;
				MTL_ENABLE_DEBUG_INFO = NO;
				MTL_FAST_MATH = YES;
				SDKROOT = iphoneos;
				SWIFT_COMPILATION_MODE = wholemodule;
				SWIFT_OPTIMIZATION_LEVEL = "-O";
				VALIDATE_PRODUCT = YES;
			};
			name = Release;
		};
		2C00384225A0BC6E006263B1 /* Debug */ = {
			isa = XCBuildConfiguration;
			buildSettings = {
				ASSETCATALOG_COMPILER_APPICON_NAME = AppIcon;
				ASSETCATALOG_COMPILER_GLOBAL_ACCENT_COLOR_NAME = AccentColor;
				CODE_SIGN_STYLE = Automatic;
				INFOPLIST_FILE = LocalPushSample/Info.plist;
				LD_RUNPATH_SEARCH_PATHS = (
					"$(inherited)",
					"@executable_path/Frameworks",
				);
				PRODUCT_BUNDLE_IDENTIFIER = koichimurnanaka.com.LocalPushSample;
				PRODUCT_NAME = "$(TARGET_NAME)";
				SWIFT_VERSION = 5.0;
				TARGETED_DEVICE_FAMILY = "1,2";
			};
			name = Debug;
		};
		2C00384325A0BC6E006263B1 /* Release */ = {
			isa = XCBuildConfiguration;
			buildSettings = {
				ASSETCATALOG_COMPILER_APPICON_NAME = AppIcon;
				ASSETCATALOG_COMPILER_GLOBAL_ACCENT_COLOR_NAME = AccentColor;
				CODE_SIGN_STYLE = Automatic;
				INFOPLIST_FILE = LocalPushSample/Info.plist;
				LD_RUNPATH_SEARCH_PATHS = (
					"$(inherited)",
					"@executable_path/Frameworks",
				);
				PRODUCT_BUNDLE_IDENTIFIER = koichimurnanaka.com.LocalPushSample;
				PRODUCT_NAME = "$(TARGET_NAME)";
				SWIFT_VERSION = 5.0;
				TARGETED_DEVICE_FAMILY = "1,2";
			};
			name = Release;
		};
		2C00384525A0BC6E006263B1 /* Debug */ = {
			isa = XCBuildConfiguration;
			buildSettings = {
				ALWAYS_EMBED_SWIFT_STANDARD_LIBRARIES = YES;
				BUNDLE_LOADER = "$(TEST_HOST)";
				CODE_SIGN_STYLE = Automatic;
				INFOPLIST_FILE = LocalPushSampleTests/Info.plist;
				IPHONEOS_DEPLOYMENT_TARGET = 14.3;
				LD_RUNPATH_SEARCH_PATHS = (
					"$(inherited)",
					"@executable_path/Frameworks",
					"@loader_path/Frameworks",
				);
				PRODUCT_BUNDLE_IDENTIFIER = koichimurnanaka.com.LocalPushSampleTests;
				PRODUCT_NAME = "$(TARGET_NAME)";
				SWIFT_VERSION = 5.0;
				TARGETED_DEVICE_FAMILY = "1,2";
				TEST_HOST = "$(BUILT_PRODUCTS_DIR)/LocalPushSample.app/LocalPushSample";
			};
			name = Debug;
		};
		2C00384625A0BC6E006263B1 /* Release */ = {
			isa = XCBuildConfiguration;
			buildSettings = {
				ALWAYS_EMBED_SWIFT_STANDARD_LIBRARIES = YES;
				BUNDLE_LOADER = "$(TEST_HOST)";
				CODE_SIGN_STYLE = Automatic;
				INFOPLIST_FILE = LocalPushSampleTests/Info.plist;
				IPHONEOS_DEPLOYMENT_TARGET = 14.3;
				LD_RUNPATH_SEARCH_PATHS = (
					"$(inherited)",
					"@executable_path/Frameworks",
					"@loader_path/Frameworks",
				);
				PRODUCT_BUNDLE_IDENTIFIER = koichimurnanaka.com.LocalPushSampleTests;
				PRODUCT_NAME = "$(TARGET_NAME)";
				SWIFT_VERSION = 5.0;
				TARGETED_DEVICE_FAMILY = "1,2";
				TEST_HOST = "$(BUILT_PRODUCTS_DIR)/LocalPushSample.app/LocalPushSample";
			};
			name = Release;
		};
		2C00384825A0BC6E006263B1 /* Debug */ = {
			isa = XCBuildConfiguration;
			buildSettings = {
				ALWAYS_EMBED_SWIFT_STANDARD_LIBRARIES = YES;
				CODE_SIGN_STYLE = Automatic;
				INFOPLIST_FILE = LocalPushSampleUITests/Info.plist;
				LD_RUNPATH_SEARCH_PATHS = (
					"$(inherited)",
					"@executable_path/Frameworks",
					"@loader_path/Frameworks",
				);
				PRODUCT_BUNDLE_IDENTIFIER = koichimurnanaka.com.LocalPushSampleUITests;
				PRODUCT_NAME = "$(TARGET_NAME)";
				SWIFT_VERSION = 5.0;
				TARGETED_DEVICE_FAMILY = "1,2";
				TEST_TARGET_NAME = LocalPushSample;
			};
			name = Debug;
		};
		2C00384925A0BC6E006263B1 /* Release */ = {
			isa = XCBuildConfiguration;
			buildSettings = {
				ALWAYS_EMBED_SWIFT_STANDARD_LIBRARIES = YES;
				CODE_SIGN_STYLE = Automatic;
				INFOPLIST_FILE = LocalPushSampleUITests/Info.plist;
				LD_RUNPATH_SEARCH_PATHS = (
					"$(inherited)",
					"@executable_path/Frameworks",
					"@loader_path/Frameworks",
				);
				PRODUCT_BUNDLE_IDENTIFIER = koichimurnanaka.com.LocalPushSampleUITests;
				PRODUCT_NAME = "$(TARGET_NAME)";
				SWIFT_VERSION = 5.0;
				TARGETED_DEVICE_FAMILY = "1,2";
				TEST_TARGET_NAME = LocalPushSample;
			};
			name = Release;
		};
/* End XCBuildConfiguration section */

/* Begin XCConfigurationList section */
		2C00381225A0BC69006263B1 /* Build configuration list for PBXProject "LocalPushSample" */ = {
			isa = XCConfigurationList;
			buildConfigurations = (
				2C00383F25A0BC6E006263B1 /* Debug */,
				2C00384025A0BC6E006263B1 /* Release */,
			);
			defaultConfigurationIsVisible = 0;
			defaultConfigurationName = Release;
		};
		2C00384125A0BC6E006263B1 /* Build configuration list for PBXNativeTarget "LocalPushSample" */ = {
			isa = XCConfigurationList;
			buildConfigurations = (
				2C00384225A0BC6E006263B1 /* Debug */,
				2C00384325A0BC6E006263B1 /* Release */,
			);
			defaultConfigurationIsVisible = 0;
			defaultConfigurationName = Release;
		};
		2C00384425A0BC6E006263B1 /* Build configuration list for PBXNativeTarget "LocalPushSampleTests" */ = {
			isa = XCConfigurationList;
			buildConfigurations = (
				2C00384525A0BC6E006263B1 /* Debug */,
				2C00384625A0BC6E006263B1 /* Release */,
			);
			defaultConfigurationIsVisible = 0;
			defaultConfigurationName = Release;
		};
		2C00384725A0BC6E006263B1 /* Build configuration list for PBXNativeTarget "LocalPushSampleUITests" */ = {
			isa = XCConfigurationList;
			buildConfigurations = (
				2C00384825A0BC6E006263B1 /* Debug */,
				2C00384925A0BC6E006263B1 /* Release */,
			);
			defaultConfigurationIsVisible = 0;
			defaultConfigurationName = Release;
		};
/* End XCConfigurationList section */
	};
	rootObject = 2C00380F25A0BC69006263B1 /* Project object */;
}
